
Microsoft Visual Studio Solution File, Format Version 12.00
# Visual Studio Version 17
VisualStudioVersion = 17.5.33424.131
MinimumVisualStudioVersion = 10.0.40219.1
Project("{9A19103F-16F7-4668-BE54-9A1E7A4F7556}") = "TREASURY.UI", "TREASURY.UI\TREASURY.UI.csproj", "{8B67D869-E080-4CA1-80F0-7E477CBCB1B6}"
EndProject
Global
	GlobalSection(SolutionConfigurationPlatforms) = preSolution
		Debug|Any CPU = Debug|Any CPU
		Release|Any CPU = Release|Any CPU
	EndGlobalSection
	GlobalSection(ProjectConfigurationPlatforms) = postSolution
		{8B67D869-E080-4CA1-80F0-7E477CBCB1B6}.Debug|Any CPU.ActiveCfg = Debug|Any CPU
		{8B67D869-E080-4CA1-80F0-7E477CBCB1B6}.Debug|Any CPU.Build.0 = Debug|Any CPU
		{8B67D869-E080-4CA1-80F0-7E477CBCB1B6}.Release|Any CPU.ActiveCfg = Release|Any CPU
		{8B67D869-E080-4CA1-80F0-7E477CBCB1B6}.Release|Any CPU.Build.0 = Release|Any CPU
	EndGlobalSection
	GlobalSection(SolutionProperties) = preSolution
		HideSolutionNode = FALSE
	EndGlobalSection
	GlobalSection(ExtensibilityGlobals) = postSolution
		SolutionGuid = {24162066-30E2-4709-8B8B-3E7BA78BADCC}
	EndGlobalSection
EndGlobal
